
Microsoft Visual Studio Solution File, Format Version 12.00
# Visual Studio 15
Project("{FAE04EC0-301F-11D3-BF4B-00C04F79EFBC}") = "UnityEditor.UI", "UnityEditor.UI.csproj", "{6823C6A3-E93E-8C78-E134-60A7D22B1112}"
EndProject
Project("{FAE04EC0-301F-11D3-BF4B-00C04F79EFBC}") = "UnityEngine.UI", "UnityEngine.UI.csproj", "{76B1B1FA-7FA0-65A5-F18F-87F28C8A9EBA}"
EndProject
Project("{FAE04EC0-301F-11D3-BF4B-00C04F79EFBC}") = "Assembly-CSharp", "Assembly-CSharp.csproj", "{6E55E0E7-6853-2AEA-ED1E-A037E8338041}"
EndProject
Project("{FAE04EC0-301F-11D3-BF4B-00C04F79EFBC}") = "UnityEngine.UI", "UnityEngine.UI.Player.csproj", "{DE42C29A-9298-DC03-6208-703FDC9C15D3}"
EndProject
Project("{FAE04EC0-301F-11D3-BF4B-00C04F79EFBC}") = "Assembly-CSharp", "Assembly-CSharp.Player.csproj", "{E496310F-C4D0-C259-0724-53963C5A6710}"
EndProject
Global
	GlobalSection(SolutionConfigurationPlatforms) = preSolution
		Debug|Any CPU = Debug|Any CPU
		Release|Any CPU = Release|Any CPU
	EndGlobalSection
	GlobalSection(ProjectConfigurationPlatforms) = postSolution
		{6823C6A3-E93E-8C78-E134-60A7D22B1112}.Debug|Any CPU.ActiveCfg = Debug|Any CPU
		{6823C6A3-E93E-8C78-E134-60A7D22B1112}.Debug|Any CPU.Build.0 = Debug|Any CPU
		{6823C6A3-E93E-8C78-E134-60A7D22B1112}.Release|Any CPU.ActiveCfg = Release|Any CPU
		{6823C6A3-E93E-8C78-E134-60A7D22B1112}.Release|Any CPU.Build.0 = Release|Any CPU
		{76B1B1FA-7FA0-65A5-F18F-87F28C8A9EBA}.Debug|Any CPU.ActiveCfg = Debug|Any CPU
		{76B1B1FA-7FA0-65A5-F18F-87F28C8A9EBA}.Debug|Any CPU.Build.0 = Debug|Any CPU
		{76B1B1FA-7FA0-65A5-F18F-87F28C8A9EBA}.Release|Any CPU.ActiveCfg = Release|Any CPU
		{76B1B1FA-7FA0-65A5-F18F-87F28C8A9EBA}.Release|Any CPU.Build.0 = Release|Any CPU
		{6E55E0E7-6853-2AEA-ED1E-A037E8338041}.Debug|Any CPU.ActiveCfg = Debug|Any CPU
		{6E55E0E7-6853-2AEA-ED1E-A037E8338041}.Debug|Any CPU.Build.0 = Debug|Any CPU
		{6E55E0E7-6853-2AEA-ED1E-A037E8338041}.Release|Any CPU.ActiveCfg = Release|Any CPU
		{6E55E0E7-6853-2AEA-ED1E-A037E8338041}.Release|Any CPU.Build.0 = Release|Any CPU
		{DE42C29A-9298-DC03-6208-703FDC9C15D3}.Debug|Any CPU.ActiveCfg = Debug|Any CPU
		{DE42C29A-9298-DC03-6208-703FDC9C15D3}.Debug|Any CPU.Build.0 = Debug|Any CPU
		{DE42C29A-9298-DC03-6208-703FDC9C15D3}.Release|Any CPU.ActiveCfg = Release|Any CPU
		{DE42C29A-9298-DC03-6208-703FDC9C15D3}.Release|Any CPU.Build.0 = Release|Any CPU
		{E496310F-C4D0-C259-0724-53963C5A6710}.Debug|Any CPU.ActiveCfg = Debug|Any CPU
		{E496310F-C4D0-C259-0724-53963C5A6710}.Debug|Any CPU.Build.0 = Debug|Any CPU
		{E496310F-C4D0-C259-0724-53963C5A6710}.Release|Any CPU.ActiveCfg = Release|Any CPU
		{E496310F-C4D0-C259-0724-53963C5A6710}.Release|Any CPU.Build.0 = Release|Any CPU
	EndGlobalSection
	GlobalSection(SolutionProperties) = preSolution
		HideSolutionNode = FALSE
	EndGlobalSection
EndGlobal
